
Microsoft Visual Studio Solution File, Format Version 12.00
# Visual Studio Version 16
VisualStudioVersion = 16.0.31205.134
MinimumVisualStudioVersion = 10.0.40219.1
Project("{9A19103F-16F7-4668-BE54-9A1E7A4F7556}") = "twatter-API-gateway", "twatter-API-gateway.csproj", "{FC32B445-88DB-4CC1-AB57-9A2BD9E6C3D3}"
EndProject
Global
	GlobalSection(SolutionConfigurationPlatforms) = preSolution
		Debug|Any CPU = Debug|Any CPU
		Release|Any CPU = Release|Any CPU
	EndGlobalSection
	GlobalSection(ProjectConfigurationPlatforms) = postSolution
		{FC32B445-88DB-4CC1-AB57-9A2BD9E6C3D3}.Debug|Any CPU.ActiveCfg = Debug|Any CPU
		{FC32B445-88DB-4CC1-AB57-9A2BD9E6C3D3}.Debug|Any CPU.Build.0 = Debug|Any CPU
		{FC32B445-88DB-4CC1-AB57-9A2BD9E6C3D3}.Release|Any CPU.ActiveCfg = Release|Any CPU
		{FC32B445-88DB-4CC1-AB57-9A2BD9E6C3D3}.Release|Any CPU.Build.0 = Release|Any CPU
	EndGlobalSection
	GlobalSection(SolutionProperties) = preSolution
		HideSolutionNode = FALSE
	EndGlobalSection
	GlobalSection(ExtensibilityGlobals) = postSolution
		SolutionGuid = {94EEA72B-FFB0-4295-9B82-3192201F9152}
	EndGlobalSection
EndGlobal
